
Microsoft Visual Studio Solution File, Format Version 12.00
# Visual Studio Version 17
VisualStudioVersion = 17.9.34723.18
MinimumVisualStudioVersion = 10.0.40219.1
Project("{9A19103F-16F7-4668-BE54-9A1E7A4F7556}") = "SistemaApi.IOC", "SistemaApi.IOC\SistemaApi.IOC.csproj", "{BB84F818-6383-44C1-8E22-BCE24327FEB2}"
EndProject
Project("{9A19103F-16F7-4668-BE54-9A1E7A4F7556}") = "SistemaApi.DTO", "SistemaApi.DTO\SistemaApi.DTO.csproj", "{49AD6E5F-E23D-489E-A56C-2A7034B4A7AD}"
EndProject
Project("{9A19103F-16F7-4668-BE54-9A1E7A4F7556}") = "SistemaUni.Util", "SistemaApi.Util\SistemaUni.Util.csproj", "{A7F848C3-4075-4C70-A008-FB93D6AD864A}"
EndProject
Project("{FAE04EC0-301F-11D3-BF4B-00C04F79EFBC}") = "SistemaApi.DAL", "SistemaApi.DAL\SistemaApi.DAL.csproj", "{06501726-6954-4B0D-B064-D4A15BB6DACB}"
EndProject
Project("{FAE04EC0-301F-11D3-BF4B-00C04F79EFBC}") = "SistemaApi.BLL", "SistemaApi.BLL\SistemaApi.BLL.csproj", "{3C124104-CD45-4821-A97F-D18C8A61A38F}"
EndProject
Project("{FAE04EC0-301F-11D3-BF4B-00C04F79EFBC}") = "SistemaApi.Model", "SistemaApi.Model\SistemaApi.Model.csproj", "{0416E22D-D646-4905-BF5C-A1A644794FB1}"
EndProject
Project("{FAE04EC0-301F-11D3-BF4B-00C04F79EFBC}") = "SistemaApi.API", "SistemaApi.API\SistemaApi.API.csproj", "{08AA283E-79DC-4A9B-817A-8FE76D08A708}"
EndProject
Global
	GlobalSection(SolutionConfigurationPlatforms) = preSolution
		Debug|Any CPU = Debug|Any CPU
		Release|Any CPU = Release|Any CPU
	EndGlobalSection
	GlobalSection(ProjectConfigurationPlatforms) = postSolution
		{BB84F818-6383-44C1-8E22-BCE24327FEB2}.Debug|Any CPU.ActiveCfg = Debug|Any CPU
		{BB84F818-6383-44C1-8E22-BCE24327FEB2}.Debug|Any CPU.Build.0 = Debug|Any CPU
		{BB84F818-6383-44C1-8E22-BCE24327FEB2}.Release|Any CPU.ActiveCfg = Release|Any CPU
		{BB84F818-6383-44C1-8E22-BCE24327FEB2}.Release|Any CPU.Build.0 = Release|Any CPU
		{49AD6E5F-E23D-489E-A56C-2A7034B4A7AD}.Debug|Any CPU.ActiveCfg = Debug|Any CPU
		{49AD6E5F-E23D-489E-A56C-2A7034B4A7AD}.Debug|Any CPU.Build.0 = Debug|Any CPU
		{49AD6E5F-E23D-489E-A56C-2A7034B4A7AD}.Release|Any CPU.ActiveCfg = Release|Any CPU
		{49AD6E5F-E23D-489E-A56C-2A7034B4A7AD}.Release|Any CPU.Build.0 = Release|Any CPU
		{A7F848C3-4075-4C70-A008-FB93D6AD864A}.Debug|Any CPU.ActiveCfg = Debug|Any CPU
		{A7F848C3-4075-4C70-A008-FB93D6AD864A}.Debug|Any CPU.Build.0 = Debug|Any CPU
		{A7F848C3-4075-4C70-A008-FB93D6AD864A}.Release|Any CPU.ActiveCfg = Release|Any CPU
		{A7F848C3-4075-4C70-A008-FB93D6AD864A}.Release|Any CPU.Build.0 = Release|Any CPU
		{06501726-6954-4B0D-B064-D4A15BB6DACB}.Debug|Any CPU.ActiveCfg = Debug|Any CPU
		{06501726-6954-4B0D-B064-D4A15BB6DACB}.Debug|Any CPU.Build.0 = Debug|Any CPU
		{06501726-6954-4B0D-B064-D4A15BB6DACB}.Release|Any CPU.ActiveCfg = Release|Any CPU
		{06501726-6954-4B0D-B064-D4A15BB6DACB}.Release|Any CPU.Build.0 = Release|Any CPU
		{3C124104-CD45-4821-A97F-D18C8A61A38F}.Debug|Any CPU.ActiveCfg = Debug|Any CPU
		{3C124104-CD45-4821-A97F-D18C8A61A38F}.Debug|Any CPU.Build.0 = Debug|Any CPU
		{3C124104-CD45-4821-A97F-D18C8A61A38F}.Release|Any CPU.ActiveCfg = Release|Any CPU
		{3C124104-CD45-4821-A97F-D18C8A61A38F}.Release|Any CPU.Build.0 = Release|Any CPU
		{0416E22D-D646-4905-BF5C-A1A644794FB1}.Debug|Any CPU.ActiveCfg = Debug|Any CPU
		{0416E22D-D646-4905-BF5C-A1A644794FB1}.Debug|Any CPU.Build.0 = Debug|Any CPU
		{0416E22D-D646-4905-BF5C-A1A644794FB1}.Release|Any CPU.ActiveCfg = Release|Any CPU
		{0416E22D-D646-4905-BF5C-A1A644794FB1}.Release|Any CPU.Build.0 = Release|Any CPU
		{08AA283E-79DC-4A9B-817A-8FE76D08A708}.Debug|Any CPU.ActiveCfg = Debug|Any CPU
		{08AA283E-79DC-4A9B-817A-8FE76D08A708}.Debug|Any CPU.Build.0 = Debug|Any CPU
		{08AA283E-79DC-4A9B-817A-8FE76D08A708}.Release|Any CPU.ActiveCfg = Release|Any CPU
		{08AA283E-79DC-4A9B-817A-8FE76D08A708}.Release|Any CPU.Build.0 = Release|Any CPU
	EndGlobalSection
	GlobalSection(SolutionProperties) = preSolution
		HideSolutionNode = FALSE
	EndGlobalSection
	GlobalSection(ExtensibilityGlobals) = postSolution
		SolutionGuid = {A81ED4FD-6DBE-46BC-967E-14936F3DABEC}
	EndGlobalSection
EndGlobal
